
Microsoft Visual Studio Solution File, Format Version 12.00
# Visual Studio Version 16
VisualStudioVersion = 16.0.29009.5
MinimumVisualStudioVersion = 10.0.40219.1
Project("{FAE04EC0-301F-11D3-BF4B-00C04F79EFBC}") = "EchoBot1", "EchoBot1\EchoBot1.csproj", "{EB5A7249-5A43-4BD4-964D-4287EC2625C4}"
EndProject
Global
	GlobalSection(SolutionConfigurationPlatforms) = preSolution
		Debug|Any CPU = Debug|Any CPU
		Release|Any CPU = Release|Any CPU
	EndGlobalSection
	GlobalSection(ProjectConfigurationPlatforms) = postSolution
		{EB5A7249-5A43-4BD4-964D-4287EC2625C4}.Debug|Any CPU.ActiveCfg = Debug|Any CPU
		{EB5A7249-5A43-4BD4-964D-4287EC2625C4}.Debug|Any CPU.Build.0 = Debug|Any CPU
		{EB5A7249-5A43-4BD4-964D-4287EC2625C4}.Release|Any CPU.ActiveCfg = Release|Any CPU
		{EB5A7249-5A43-4BD4-964D-4287EC2625C4}.Release|Any CPU.Build.0 = Release|Any CPU
	EndGlobalSection
	GlobalSection(SolutionProperties) = preSolution
		HideSolutionNode = FALSE
	EndGlobalSection
	GlobalSection(ExtensibilityGlobals) = postSolution
		SolutionGuid = {3E81C8CA-9625-46F3-80D1-1242514851FB}
	EndGlobalSection
EndGlobal
